<?xml version="1.0" encoding="utf-8"?>
<Project ToolsVersion="14.0" xmlns="http://schemas.microsoft.com/developer/msbuild/2003">
  <ItemGroup>
    <Filter Include="cefsimple">
      <UniqueIdentifier>{65124A10-1848-3F96-B417-91D1699F7441}</UniqueIdentifier>
    </Filter>
    <Filter Include="cefsimple\res">
      <UniqueIdentifier>{b4716e44-a54c-40c7-bc82-7181c345306b}</UniqueIdentifier>
    </Filter>
  </ItemGroup>
  <ItemGroup>
    <ResourceCompile Include="cefsimple.rc">
      <Filter>cefsimple</Filter>
    </ResourceCompile>
  </ItemGroup>
  <ItemGroup>
    <ClCompile Include="cefsimple_win.cc">
      <Filter>cefsimple</Filter>
    </ClCompile>
    <ClCompile Include="simple_app.cc">
      <Filter>cefsimple</Filter>
    </ClCompile>
    <ClCompile Include="simple_handler.cc">
      <Filter>cefsimple</Filter>
    </ClCompile>
    <ClCompile Include="simple_handler_win.cc">
      <Filter>cefsimple</Filter>
    </ClCompile>
  </ItemGroup>
  <ItemGroup>
    <Text Include="CMakeLists.txt">
      <Filter>cefsimple</Filter>
    </Text>
  </ItemGroup>
  <ItemGroup>
    <ClInclude Include="resource.h">
      <Filter>cefsimple</Filter>
    </ClInclude>
    <ClInclude Include="simple_app.h">
      <Filter>cefsimple</Filter>
    </ClInclude>
    <ClInclude Include="simple_handler.h">
      <Filter>cefsimple</Filter>
    </ClInclude>
  </ItemGroup>
  <ItemGroup>
    <Image Include="res\cefsimple.ico">
      <Filter>cefsimple\res</Filter>
    </Image>
    <Image Include="res\small.ico">
      <Filter>cefsimple\res</Filter>
    </Image>
  </ItemGroup>
</Project>